{
  "name": "nano-helper",
  "version": "1.0.0",
  "lockfileVersion": 1,
  "requires": true,
  "dependencies": {
    "big.js": {
      "version": "6.0.3",
      "resolved": "https://registry.npmjs.org/big.js/-/big.js-6.0.3.tgz",
      "integrity": "sha512-n6yn1FyVL1EW2DBAr4jlU/kObhRzmr+NNRESl65VIOT8WBJj/Kezpx2zFdhJUqYI6qrtTW7moCStYL5VxeVdPA=="
    }
  }
}
